filippo.io/edwards25519 v1.1.0 h1:FNf4tywRC1HmFuKW5xopWpigGjJKiJSV0Cqo0cJWDaA=
filippo.io/edwards25519 v1.1.0/go.mod h1:BxyFTGdWcka3PhytdK4V28tE5sGfRvvvRV7EaN4VDT4=
github.com/go-sql-driver/mysql v1.9.3 h1:U/N249h2WzJ3Ukj8SowVFjdtZKfu9vlLZxjPXV1aweo=
github.com/go-sql-driver/mysql v1.9.3/go.mod h1:qn46aNg1333BRMNU69Lq93t8du/dwxI64Gl8i5p1WMU=
github.com/klassmann/cpfcnpj v0.0.0-20200907140233-a595c5fd8de1 h1:nT1t/3YnkjBWdVl6zmvmim6S8gjAZOpZi19iEBq3/Ko=
github.com/klassmann/cpfcnpj v0.0.0-20200907140233-a595c5fd8de1/go.mod h1:2lGFirXS+qsYDFtk4OAzWXyILL3mrSAluEH26Ao65ZY=
